// !$*UTF8*$!
{
	archiveVersion = 1;
	classes = {
	};
	objectVersion = 50;
	objects = {

/* Begin PBXBuildFile section */
		CA6C4EF0275C70E500098C8B /* Magic8Ball.swift in Sources */ = {isa = PBXBuildFile; fileRef = CA6C4EEF275C70E400098C8B /* Magic8Ball.swift */; };
		CA837E1A26889EFA00659CFF /* Extensions.swift in Sources */ = {isa = PBXBuildFile; fileRef = CA837E1926889EFA00659CFF /* Extensions.swift */; };
		CADF17F32682375400A6FF8C /* AppDelegate.swift in Sources */ = {isa = PBXBuildFile; fileRef = CADF17F22682375400A6FF8C /* AppDelegate.swift */; };
		CADF17F52682375400A6FF8C /* SceneDelegate.swift in Sources */ = {isa = PBXBuildFile; fileRef = CADF17F42682375400A6FF8C /* SceneDelegate.swift */; };
		CADF17F72682375400A6FF8C /* ViewController.swift in Sources */ = {isa = PBXBuildFile; fileRef = CADF17F62682375400A6FF8C /* ViewController.swift */; };
		CADF17FA2682375400A6FF8C /* Main.storyboard in Resources */ = {isa = PBXBuildFile; fileRef = CADF17F82682375400A6FF8C /* Main.storyboard */; };
		CADF17FC2682375800A6FF8C /* Assets.xcassets in Resources */ = {isa = PBXBuildFile; fileRef = CADF17FB2682375800A6FF8C /* Assets.xcassets */; };
		CADF17FF2682375800A6FF8C /* LaunchScreen.storyboard in Resources */ = {isa = PBXBuildFile; fileRef = CADF17FD2682375800A6FF8C /* LaunchScreen.storyboard */; };
/* End PBXBuildFile section */

/* Begin PBXFileReference section */
		CA6C4EEF275C70E400098C8B /* Magic8Ball.swift */ = {isa = PBXFileReference; lastKnownFileType = sourcecode.swift; path = Magic8Ball.swift; sourceTree = "<group>"; };
		CA837E1926889EFA00659CFF /* Extensions.swift */ = {isa = PBXFileReference; lastKnownFileType = sourcecode.swift; path = Extensions.swift; sourceTree = "<group>"; };
		CADF17EF2682375400A6FF8C /* m8ball.app */ = {isa = PBXFileReference; explicitFileType = wrapper.application; includeInIndex = 0; path = m8ball.app; sourceTree = BUILT_PRODUCTS_DIR; };
		CADF17F22682375400A6FF8C /* AppDelegate.swift */ = {isa = PBXFileReference; lastKnownFileType = sourcecode.swift; path = AppDelegate.swift; sourceTree = "<group>"; };
		CADF17F42682375400A6FF8C /* SceneDelegate.swift */ = {isa = PBXFileReference; lastKnownFileType = sourcecode.swift; path = SceneDelegate.swift; sourceTree = "<group>"; };
		CADF17F62682375400A6FF8C /* ViewController.swift */ = {isa = PBXFileReference; lastKnownFileType = sourcecode.swift; path = ViewController.swift; sourceTree = "<group>"; };
		CADF17F92682375400A6FF8C /* Base */ = {isa = PBXFileReference; lastKnownFileType = file.storyboard; name = Base; path = Base.lproj/Main.storyboard; sourceTree = "<group>"; };
		CADF17FB2682375800A6FF8C /* Assets.xcassets */ = {isa = PBXFileReference; lastKnownFileType = folder.assetcatalog; path = Assets.xcassets; sourceTree = "<group>"; };
		CADF17FE2682375800A6FF8C /* Base */ = {isa = PBXFileReference; lastKnownFileType = file.storyboard; name = Base; path = Base.lproj/LaunchScreen.storyboard; sourceTree = "<group>"; };
		CADF18002682375800A6FF8C /* Info.plist */ = {isa = PBXFileReference; lastKnownFileType = text.plist.xml; path = Info.plist; sourceTree = "<group>"; };
/* End PBXFileReference section */

/* Begin PBXFrameworksBuildPhase section */
		CADF17EC2682375400A6FF8C /* Frameworks */ = {
			isa = PBXFrameworksBuildPhase;
			buildActionMask = 2147483647;
			files = (
			);
			runOnlyForDeploymentPostprocessing = 0;
		};
/* End PBXFrameworksBuildPhase section */

/* Begin PBXGroup section */
		CADF17E62682375400A6FF8C = {
			isa = PBXGroup;
			children = (
				CADF17F12682375400A6FF8C /* m8ball */,
				CADF17F02682375400A6FF8C /* Products */,
			);
			sourceTree = "<group>";
		};
		CADF17F02682375400A6FF8C /* Products */ = {
			isa = PBXGroup;
			children = (
				CADF17EF2682375400A6FF8C /* m8ball.app */,
			);
			name = Products;
			sourceTree = "<group>";
		};
		CADF17F12682375400A6FF8C /* m8ball */ = {
			isa = PBXGroup;
			children = (
				CADF17F22682375400A6FF8C /* AppDelegate.swift */,
				CADF17F42682375400A6FF8C /* SceneDelegate.swift */,
				CADF17F62682375400A6FF8C /* ViewController.swift */,
				CA6C4EEF275C70E400098C8B /* Magic8Ball.swift */,
				CA837E1926889EFA00659CFF /* Extensions.swift */,
				CADF17F82682375400A6FF8C /* Main.storyboard */,
				CADF17FB2682375800A6FF8C /* Assets.xcassets */,
				CADF17FD2682375800A6FF8C /* LaunchScreen.storyboard */,
				CADF18002682375800A6FF8C /* Info.plist */,
			);
			path = m8ball;
			sourceTree = "<group>";
		};
/* End PBXGroup section */

/* Begin PBXNativeTarget section */
		CADF17EE2682375400A6FF8C /* m8ball */ = {
			isa = PBXNativeTarget;
			buildConfigurationList = CADF18032682375800A6FF8C /* Build configuration list for PBXNativeTarget "m8ball" */;
			buildPhases = (
				CADF17EB2682375400A6FF8C /* Sources */,
				CADF17EC2682375400A6FF8C /* Frameworks */,
				CADF17ED2682375400A6FF8C /* Resources */,
			);
			buildRules = (
			);
			dependencies = (
			);
			name = m8ball;
			productName = m8ball;
			productReference = CADF17EF2682375400A6FF8C /* m8ball.app */;
			productType = "com.apple.product-type.application";
		};
/* End PBXNativeTarget section */

/* Begin PBXProject section */
		CADF17E72682375400A6FF8C /* Project object */ = {
			isa = PBXProject;
			attributes = {
				LastSwiftUpdateCheck = 1250;
				LastUpgradeCheck = 1250;
				TargetAttributes = {
					CADF17EE2682375400A6FF8C = {
						CreatedOnToolsVersion = 12.5;
					};
				};
			};
			buildConfigurationList = CADF17EA2682375400A6FF8C /* Build configuration list for PBXProject "m8ball" */;
			compatibilityVersion = "Xcode 9.3";
			developmentRegion = en;
			hasScannedForEncodings = 0;
			knownRegions = (
				en,
				Base,
			);
			mainGroup = CADF17E62682375400A6FF8C;
			productRefGroup = CADF17F02682375400A6FF8C /* Products */;
			projectDirPath = "";
			projectRoot = "";
			targets = (
				CADF17EE2682375400A6FF8C /* m8ball */,
			);
		};
/* End PBXProject section */

/* Begin PBXResourcesBuildPhase section */
		CADF17ED2682375400A6FF8C /* Resources */ = {
			isa = PBXResourcesBuildPhase;
			buildActionMask = 2147483647;
			files = (
				CADF17FF2682375800A6FF8C /* LaunchScreen.storyboard in Resources */,
				CADF17FC2682375800A6FF8C /* Assets.xcassets in Resources */,
				CADF17FA2682375400A6FF8C /* Main.storyboard in Resources */,
			);
			runOnlyForDeploymentPostprocessing = 0;
		};
/* End PBXResourcesBuildPhase section */

/* Begin PBXSourcesBuildPhase section */
		CADF17EB2682375400A6FF8C /* Sources */ = {
			isa = PBXSourcesBuildPhase;
			buildActionMask = 2147483647;
			files = (
				CADF17F72682375400A6FF8C /* ViewController.swift in Sources */,
				CADF17F32682375400A6FF8C /* AppDelegate.swift in Sources */,
				CADF17F52682375400A6FF8C /* SceneDelegate.swift in Sources */,
				CA837E1A26889EFA00659CFF /* Extensions.swift in Sources */,
				CA6C4EF0275C70E500098C8B /* Magic8Ball.swift in Sources */,
			);
			runOnlyForDeploymentPostprocessing = 0;
		};
/* End PBXSourcesBuildPhase section */

/* Begin PBXVariantGroup section */
		CADF17F82682375400A6FF8C /* Main.storyboard */ = {
			isa = PBXVariantGroup;
			children = (
				CADF17F92682375400A6FF8C /* Base */,
			);
			name = Main.storyboard;
			sourceTree = "<group>";
		};
		CADF17FD2682375800A6FF8C /* LaunchScreen.storyboard */ = {
			isa = PBXVariantGroup;
			children = (
				CADF17FE2682375800A6FF8C /* Base */,
			);
			name = LaunchScreen.storyboard;
			sourceTree = "<group>";
		};
/* End PBXVariantGroup section */

/* Begin XCBuildConfiguration section */
		CADF18012682375800A6FF8C /* Debug */ = {
			isa = XCBuildConfiguration;
			buildSettings = {
				ALWAYS_SEARCH_USER_PATHS = NO;
				CLANG_ANALYZER_NONNULL = YES;
				CLANG_ANALYZER_NUMBER_OBJECT_CONVERSION = YES_AGGRESSIVE;
				CLANG_CXX_LANGUAGE_STANDARD = "gnu++14";
				CLANG_CXX_LIBRARY = "libc++";
				CLANG_ENABLE_MODULES = YES;
				CLANG_ENABLE_OBJC_ARC = YES;
				CLANG_ENABLE_OBJC_WEAK = YES;
				CLANG_WARN_BLOCK_CAPTURE_AUTORELEASING = YES;
				CLANG_WARN_BOOL_CONVERSION = YES;
				CLANG_WARN_COMMA = YES;
				CLANG_WARN_CONSTANT_CONVERSION = YES;
				CLANG_WARN_DEPRECATED_OBJC_IMPLEMENTATIONS = YES;
				CLANG_WARN_DIRECT_OBJC_ISA_USAGE = YES_ERROR;
				CLANG_WARN_DOCUMENTATION_COMMENTS = YES;
				CLANG_WARN_EMPTY_BODY = YES;
				CLANG_WARN_ENUM_CONVERSION = YES;
				CLANG_WARN_INFINITE_RECURSION = YES;
				CLANG_WARN_INT_CONVERSION = YES;
				CLANG_WARN_NON_LITERAL_NULL_CONVERSION = YES;
				CLANG_WARN_OBJC_IMPLICIT_RETAIN_SELF = YES;
				CLANG_WARN_OBJC_LITERAL_CONVERSION = YES;
				CLANG_WARN_OBJC_ROOT_CLASS = YES_ERROR;
				CLANG_WARN_QUOTED_INCLUDE_IN_FRAMEWORK_HEADER = YES;
				CLANG_WARN_RANGE_LOOP_ANALYSIS = YES;
				CLANG_WARN_STRICT_PROTOTYPES = YES;
				CLANG_WARN_SUSPICIOUS_MOVE = YES;
				CLANG_WARN_UNGUARDED_AVAILABILITY = YES_AGGRESSIVE;
				CLANG_WARN_UNREACHABLE_CODE = YES;
				CLANG_WARN__DUPLICATE_METHOD_MATCH = YES;
				COPY_PHASE_STRIP = NO;
				DEBUG_INFORMATION_FORMAT = dwarf;
				ENABLE_STRICT_OBJC_MSGSEND = YES;
				ENABLE_TESTABILITY = YES;
				GCC_C_LANGUAGE_STANDARD = gnu11;
				GCC_DYNAMIC_NO_PIC = NO;
				GCC_NO_COMMON_BLOCKS = YES;
				GCC_OPTIMIZATION_LEVEL = 0;
				GCC_PREPROCESSOR_DEFINITIONS = (
					"DEBUG=1",
					"$(inherited)",
				);
				GCC_WARN_64_TO_32_BIT_CONVERSION = YES;
				GCC_WARN_ABOUT_RETURN_TYPE = YES_ERROR;
				GCC_WARN_UNDECLARED_SELECTOR = YES;
				GCC_WARN_UNINITIALIZED_AUTOS = YES_AGGRESSIVE;
				GCC_WARN_UNUSED_FUNCTION = YES;
				GCC_WARN_UNUSED_VARIABLE = YES;
				IPHONEOS_DEPLOYMENT_TARGET = 14.5;
				MTL_ENABLE_DEBUG_INFO = INCLUDE_SOURCE;
				MTL_FAST_MATH = YES;
				ONLY_ACTIVE_ARCH = YES;
				SDKROOT = iphoneos;
				SWIFT_ACTIVE_COMPILATION_CONDITIONS = DEBUG;
				SWIFT_OPTIMIZATION_LEVEL = "-Onone";
			};
			name = Debug;
		};
		CADF18022682375800A6FF8C /* Release */ = {
			isa = XCBuildConfiguration;
			buildSettings = {
				ALWAYS_SEARCH_USER_PATHS = NO;
				CLANG_ANALYZER_NONNULL = YES;
				CLANG_ANALYZER_NUMBER_OBJECT_CONVERSION = YES_AGGRESSIVE;
				CLANG_CXX_LANGUAGE_STANDARD = "gnu++14";
				CLANG_CXX_LIBRARY = "libc++";
				CLANG_ENABLE_MODULES = YES;
				CLANG_ENABLE_OBJC_ARC = YES;
				CLANG_ENABLE_OBJC_WEAK = YES;
				CLANG_WARN_BLOCK_CAPTURE_AUTORELEASING = YES;
				CLANG_WARN_BOOL_CONVERSION = YES;
				CLANG_WARN_COMMA = YES;
				CLANG_WARN_CONSTANT_CONVERSION = YES;
				CLANG_WARN_DEPRECATED_OBJC_IMPLEMENTATIONS = YES;
				CLANG_WARN_DIRECT_OBJC_ISA_USAGE = YES_ERROR;
				CLANG_WARN_DOCUMENTATION_COMMENTS = YES;
				CLANG_WARN_EMPTY_BODY = YES;
				CLANG_WARN_ENUM_CONVERSION = YES;
				CLANG_WARN_INFINITE_RECURSION = YES;
				CLANG_WARN_INT_CONVERSION = YES;
				CLANG_WARN_NON_LITERAL_NULL_CONVERSION = YES;
				CLANG_WARN_OBJC_IMPLICIT_RETAIN_SELF = YES;
				CLANG_WARN_OBJC_LITERAL_CONVERSION = YES;
				CLANG_WARN_OBJC_ROOT_CLASS = YES_ERROR;
				CLANG_WARN_QUOTED_INCLUDE_IN_FRAMEWORK_HEADER = YES;
				CLANG_WARN_RANGE_LOOP_ANALYSIS = YES;
				CLANG_WARN_STRICT_PROTOTYPES = YES;
				CLANG_WARN_SUSPICIOUS_MOVE = YES;
				CLANG_WARN_UNGUARDED_AVAILABILITY = YES_AGGRESSIVE;
				CLANG_WARN_UNREACHABLE_CODE = YES;
				CLANG_WARN__DUPLICATE_METHOD_MATCH = YES;
				COPY_PHASE_STRIP = NO;
				DEBUG_INFORMATION_FORMAT = "dwarf-with-dsym";
				ENABLE_NS_ASSERTIONS = NO;
				ENABLE_STRICT_OBJC_MSGSEND = YES;
				GCC_C_LANGUAGE_STANDARD = gnu11;
				GCC_NO_COMMON_BLOCKS = YES;
				GCC_WARN_64_TO_32_BIT_CONVERSION = YES;
				GCC_WARN_ABOUT_RETURN_TYPE = YES_ERROR;
				GCC_WARN_UNDECLARED_SELECTOR = YES;
				GCC_WARN_UNINITIALIZED_AUTOS = YES_AGGRESSIVE;
				GCC_WARN_UNUSED_FUNCTION = YES;
				GCC_WARN_UNUSED_VARIABLE = YES;
				IPHONEOS_DEPLOYMENT_TARGET = 14.5;
				MTL_ENABLE_DEBUG_INFO = NO;
				MTL_FAST_MATH = YES;
				SDKROOT = iphoneos;
				SWIFT_COMPILATION_MODE = wholemodule;
				SWIFT_OPTIMIZATION_LEVEL = "-O";
				VALIDATE_PRODUCT = YES;
			};
			name = Release;
		};
		CADF18042682375800A6FF8C /* Debug */ = {
			isa = XCBuildConfiguration;
			buildSettings = {
				ASSETCATALOG_COMPILER_APPICON_NAME = AppIcon;
				ASSETCATALOG_COMPILER_GLOBAL_ACCENT_COLOR_NAME = AccentColor;
				CODE_SIGN_STYLE = Automatic;
				DEVELOPMENT_TEAM = 4NK62H99X6;
				INFOPLIST_FILE = m8ball/Info.plist;
				LD_RUNPATH_SEARCH_PATHS = (
					"$(inherited)",
					"@executable_path/Frameworks",
				);
				PRODUCT_BUNDLE_IDENTIFIER = jareksedy.m8ball;
				PRODUCT_NAME = "$(TARGET_NAME)";
				SWIFT_VERSION = 5.0;
				TARGETED_DEVICE_FAMILY = "1,2";
			};
			name = Debug;
		};
		CADF18052682375800A6FF8C /* Release */ = {
			isa = XCBuildConfiguration;
			buildSettings = {
				ASSETCATALOG_COMPILER_APPICON_NAME = AppIcon;
				ASSETCATALOG_COMPILER_GLOBAL_ACCENT_COLOR_NAME = AccentColor;
				CODE_SIGN_STYLE = Automatic;
				DEVELOPMENT_TEAM = 4NK62H99X6;
				INFOPLIST_FILE = m8ball/Info.plist;
				LD_RUNPATH_SEARCH_PATHS = (
					"$(inherited)",
					"@executable_path/Frameworks",
				);
				PRODUCT_BUNDLE_IDENTIFIER = jareksedy.m8ball;
				PRODUCT_NAME = "$(TARGET_NAME)";
				SWIFT_VERSION = 5.0;
				TARGETED_DEVICE_FAMILY = "1,2";
			};
			name = Release;
		};
/* End XCBuildConfiguration section */

/* Begin XCConfigurationList section */
		CADF17EA2682375400A6FF8C /* Build configuration list for PBXProject "m8ball" */ = {
			isa = XCConfigurationList;
			buildConfigurations = (
				CADF18012682375800A6FF8C /* Debug */,
				CADF18022682375800A6FF8C /* Release */,
			);
			defaultConfigurationIsVisible = 0;
			defaultConfigurationName = Release;
		};
		CADF18032682375800A6FF8C /* Build configuration list for PBXNativeTarget "m8ball" */ = {
			isa = XCConfigurationList;
			buildConfigurations = (
				CADF18042682375800A6FF8C /* Debug */,
				CADF18052682375800A6FF8C /* Release */,
			);
			defaultConfigurationIsVisible = 0;
			defaultConfigurationName = Release;
		};
/* End XCConfigurationList section */
	};
	rootObject = CADF17E72682375400A6FF8C /* Project object */;
}
